// !$*UTF8*$!
{
	archiveVersion = 1;
	classes = {
	};
	objectVersion = 46;
	objects = {

/* Begin PBXBuildFile section */
		C84EDC6418038CFD00ABE978 /* ResultDetailViewController.m in Sources */ = {isa = PBXBuildFile; fileRef = C84EDC6318038CFD00ABE978 /* ResultDetailViewController.m */; };
		C87297DD17FBBD0F00F8F43A /* UIKit.framework in Frameworks */ = {isa = PBXBuildFile; fileRef = C87297DC17FBBD0F00F8F43A /* UIKit.framework */; };
		C87297DF17FBBD0F00F8F43A /* Foundation.framework in Frameworks */ = {isa = PBXBuildFile; fileRef = C87297DE17FBBD0F00F8F43A /* Foundation.framework */; };
		C87297E117FBBD0F00F8F43A /* CoreGraphics.framework in Frameworks */ = {isa = PBXBuildFile; fileRef = C87297E017FBBD0F00F8F43A /* CoreGraphics.framework */; };
		C87297E717FBBD0F00F8F43A /* InfoPlist.strings in Resources */ = {isa = PBXBuildFile; fileRef = C87297E517FBBD0F00F8F43A /* InfoPlist.strings */; };
		C87297E917FBBD0F00F8F43A /* main.m in Sources */ = {isa = PBXBuildFile; fileRef = C87297E817FBBD0F00F8F43A /* main.m */; };
		C87297ED17FBBD0F00F8F43A /* AppDelegate.m in Sources */ = {isa = PBXBuildFile; fileRef = C87297EC17FBBD0F00F8F43A /* AppDelegate.m */; };
		C87297EF17FBBD0F00F8F43A /* Default.png in Resources */ = {isa = PBXBuildFile; fileRef = C87297EE17FBBD0F00F8F43A /* Default.png */; };
		C87297F617FBBD0F00F8F43A /* MainStoryboard.storyboard in Resources */ = {isa = PBXBuildFile; fileRef = C87297F417FBBD0F00F8F43A /* MainStoryboard.storyboard */; };
		C87297F917FBBD0F00F8F43A /* SearchViewController.m in Sources */ = {isa = PBXBuildFile; fileRef = C87297F817FBBD0F00F8F43A /* SearchViewController.m */; };
		C872981017FBBD3200F8F43A /* libcrypto.a in Frameworks */ = {isa = PBXBuildFile; fileRef = C872980917FBBD3200F8F43A /* libcrypto.a */; };
		C872981117FBBD3200F8F43A /* liblber.a in Frameworks */ = {isa = PBXBuildFile; fileRef = C872980A17FBBD3200F8F43A /* liblber.a */; };
		C872981217FBBD3200F8F43A /* libldap.a in Frameworks */ = {isa = PBXBuildFile; fileRef = C872980B17FBBD3200F8F43A /* libldap.a */; };
		C872981317FBBD3200F8F43A /* libsasl2.a in Frameworks */ = {isa = PBXBuildFile; fileRef = C872980C17FBBD3200F8F43A /* libsasl2.a */; };
		C872981417FBBD3200F8F43A /* libssl.a in Frameworks */ = {isa = PBXBuildFile; fileRef = C872980D17FBBD3200F8F43A /* libssl.a */; };
		C872981517FBBD3200F8F43A /* RHLDAPSearch.m in Sources */ = {isa = PBXBuildFile; fileRef = C872980F17FBBD3200F8F43A /* RHLDAPSearch.m */; };
		C872981817FBCF9500F8F43A /* ResultsViewController.m in Sources */ = {isa = PBXBuildFile; fileRef = C872981717FBCF9500F8F43A /* ResultsViewController.m */; };
		C89690C1180CB2F7008952FD /* PreferencesViewController.m in Sources */ = {isa = PBXBuildFile; fileRef = C89690C0180CB2F7008952FD /* PreferencesViewController.m */; };
		C89690C4180CB4CD008952FD /* Constants.m in Sources */ = {isa = PBXBuildFile; fileRef = C89690C3180CB4CD008952FD /* Constants.m */; };
		C8C0E1D91815E284007052E7 /* Buildings.xcdatamodeld in Sources */ = {isa = PBXBuildFile; fileRef = C8C0E1D71815E284007052E7 /* Buildings.xcdatamodeld */; };
		C8C0E1DB1815E313007052E7 /* CoreData.framework in Frameworks */ = {isa = PBXBuildFile; fileRef = C8C0E1DA1815E313007052E7 /* CoreData.framework */; };
		C8C0E1E41815E3E5007052E7 /* MyDataManager.m in Sources */ = {isa = PBXBuildFile; fileRef = C8C0E1E31815E3E5007052E7 /* MyDataManager.m */; };
		C8C0E1E71815E4F7007052E7 /* Building.m in Sources */ = {isa = PBXBuildFile; fileRef = C8C0E1E61815E4F7007052E7 /* Building.m */; };
		C8C0E1E81815EA24007052E7 /* DataManager.m in Sources */ = {isa = PBXBuildFile; fileRef = C8C0E1DD1815E373007052E7 /* DataManager.m */; };
		C8C0E1E91815EA24007052E7 /* DataSource.m in Sources */ = {isa = PBXBuildFile; fileRef = C8C0E1E01815E373007052E7 /* DataSource.m */; };
		C8C0E1EC1815F263007052E7 /* Building+Name.m in Sources */ = {isa = PBXBuildFile; fileRef = C8C0E1EB1815F263007052E7 /* Building+Name.m */; };
		C8EB870518074A200009CA36 /* BuildingViewController.m in Sources */ = {isa = PBXBuildFile; fileRef = C8EB870418074A200009CA36 /* BuildingViewController.m */; };
		C8EB8787180757180009CA36 /* BuildingImageViewController.m in Sources */ = {isa = PBXBuildFile; fileRef = C8EB8786180757180009CA36 /* BuildingImageViewController.m */; };
		C8EB8789180776570009CA36 /* 07-map-marker.png in Resources */ = {isa = PBXBuildFile; fileRef = C8EB8788180776570009CA36 /* 07-map-marker.png */; };
		C8EB878B180776640009CA36 /* 06-magnify.png in Resources */ = {isa = PBXBuildFile; fileRef = C8EB878A180776640009CA36 /* 06-magnify.png */; };
		C8EBB61A17FCA3F400D3BC0A /* DirectoryModel.m in Sources */ = {isa = PBXBuildFile; fileRef = C8EBB61917FCA3F400D3BC0A /* DirectoryModel.m */; };
		C8EBB61E17FCDFA600D3BC0A /* Default@2x.png in Resources */ = {isa = PBXBuildFile; fileRef = C8EBB61C17FCDFA600D3BC0A /* Default@2x.png */; };
		C8EBB62017FCDFF800D3BC0A /* Default-568h@2x.png in Resources */ = {isa = PBXBuildFile; fileRef = C8EBB61F17FCDFF800D3BC0A /* Default-568h@2x.png */; };
		C8EBB62717FCE21B00D3BC0A /* icon.png in Resources */ = {isa = PBXBuildFile; fileRef = C8EBB62517FCE21B00D3BC0A /* icon.png */; };
		C8EBB62817FCE21B00D3BC0A /* icon_retina.png in Resources */ = {isa = PBXBuildFile; fileRef = C8EBB62617FCE21B00D3BC0A /* icon_retina.png */; };
		C8FC7F11180DE78D00466B86 /* BuildingInfo.m in Sources */ = {isa = PBXBuildFile; fileRef = C8FC7F10180DE78D00466B86 /* BuildingInfo.m */; };
		C8FE60A3180CA7A000CA31B2 /* agadmin.jpg in Resources */ = {isa = PBXBuildFile; fileRef = C8FE6084180CA7A000CA31B2 /* agadmin.jpg */; };
		C8FE60A4180CA7A000CA31B2 /* ageng.jpg in Resources */ = {isa = PBXBuildFile; fileRef = C8FE6085180CA7A000CA31B2 /* ageng.jpg */; };
		C8FE60A5180CA7A000CA31B2 /* appliedscience.jpg in Resources */ = {isa = PBXBuildFile; fileRef = C8FE6086180CA7A000CA31B2 /* appliedscience.jpg */; };
		C8FE60A6180CA7A000CA31B2 /* armsby.jpg in Resources */ = {isa = PBXBuildFile; fileRef = C8FE6087180CA7A000CA31B2 /* armsby.jpg */; };
		C8FE60A7180CA7A000CA31B2 /* arts.jpg in Resources */ = {isa = PBXBuildFile; fileRef = C8FE6088180CA7A000CA31B2 /* arts.jpg */; };
		C8FE60A8180CA7A000CA31B2 /* atherton.jpg in Resources */ = {isa = PBXBuildFile; fileRef = C8FE6089180CA7A000CA31B2 /* atherton.jpg */; };
		C8FE60A9180CA7A000CA31B2 /* beaver.jpg in Resources */ = {isa = PBXBuildFile; fileRef = C8FE608A180CA7A000CA31B2 /* beaver.jpg */; };
		C8FE60AA180CA7A000CA31B2 /* biomechanics.jpg in Resources */ = {isa = PBXBuildFile; fileRef = C8FE608B180CA7A000CA31B2 /* biomechanics.jpg */; };
		C8FE60AB180CA7A000CA31B2 /* borland.jpg in Resources */ = {isa = PBXBuildFile; fileRef = C8FE608C180CA7A000CA31B2 /* borland.jpg */; };
		C8FE60AC180CA7A000CA31B2 /* boucke.jpg in Resources */ = {isa = PBXBuildFile; fileRef = C8FE608D180CA7A000CA31B2 /* boucke.jpg */; };
		C8FE60AD180CA7A000CA31B2 /* brumbaugh.jpg in Resources */ = {isa = PBXBuildFile; fileRef = C8FE608E180CA7A000CA31B2 /* brumbaugh.jpg */; };
		C8FE60AE180CA7A000CA31B2 /* brycejordan.jpg in Resources */ = {isa = PBXBuildFile; fileRef = C8FE608F180CA7A000CA31B2 /* brycejordan.jpg */; };
		C8FE60AF180CA7A000CA31B2 /* buckhout.jpg in Resources */ = {isa = PBXBuildFile; fileRef = C8FE6090180CA7A000CA31B2 /* buckhout.jpg */; };
		C8FE60B0180CA7A000CA31B2 /* burrowes.jpg in Resources */ = {isa = PBXBuildFile; fileRef = C8FE6091180CA7A000CA31B2 /* burrowes.jpg */; };
		C8FE60B1180CA7A000CA31B2 /* businessbuilding.jpg in Resources */ = {isa = PBXBuildFile; fileRef = C8FE6092180CA7A000CA31B2 /* businessbuilding.jpg */; };
		C8FE60B2180CA7A000CA31B2 /* carnegie.jpg in Resources */ = {isa = PBXBuildFile; fileRef = C8FE6093180CA7A000CA31B2 /* carnegie.jpg */; };
		C8FE60B3180CA7A000CA31B2 /* carpenter.jpg in Resources */ = {isa = PBXBuildFile; fileRef = C8FE6094180CA7A000CA31B2 /* carpenter.jpg */; };
		C8FE60B4180CA7A000CA31B2 /* chambers.jpg in Resources */ = {isa = PBXBuildFile; fileRef = C8FE6095180CA7A000CA31B2 /* chambers.jpg */; };
		C8FE60B5180CA7A000CA31B2 /* chandlee.jpg in Resources */ = {isa = PBXBuildFile; fileRef = C8FE6096180CA7A000CA31B2 /* chandlee.jpg */; };
		C8FE60B6180CA7A000CA31B2 /* chapel.jpg in Resources */ = {isa = PBXBuildFile; fileRef = C8FE6097180CA7A000CA31B2 /* chapel.jpg */; };
		C8FE60B7180CA7A000CA31B2 /* chemistry.jpg in Resources */ = {isa = PBXBuildFile; fileRef = C8FE6098180CA7A000CA31B2 /* chemistry.jpg */; };
		C8FE60B8180CA7A000CA31B2 /* computer.jpg in Resources */ = {isa = PBXBuildFile; fileRef = C8FE6099180CA7A000CA31B2 /* computer.jpg */; };
		C8FE60B9180CA7A000CA31B2 /* davey.jpg in Resources */ = {isa = PBXBuildFile; fileRef = C8FE609A180CA7A000CA31B2 /* davey.jpg */; };
		C8FE60BA180CA7A000CA31B2 /* deike.jpg in Resources */ = {isa = PBXBuildFile; fileRef = C8FE609B180CA7A000CA31B2 /* deike.jpg */; };
		C8FE60BB180CA7A000CA31B2 /* earthengineeringsciences.jpg in Resources */ = {isa = PBXBuildFile; fileRef = C8FE609C180CA7A000CA31B2 /* earthengineeringsciences.jpg */; };
		C8FE60BC180CA7A000CA31B2 /* eeeast.jpg in Resources */ = {isa = PBXBuildFile; fileRef = C8FE609D180CA7A000CA31B2 /* eeeast.jpg */; };
		C8FE60BD180CA7A000CA31B2 /* eewest.jpg in Resources */ = {isa = PBXBuildFile; fileRef = C8FE609E180CA7A000CA31B2 /* eewest.jpg */; };
		C8FE60BE180CA7A000CA31B2 /* eisenhower.jpg in Resources */ = {isa = PBXBuildFile; fileRef = C8FE609F180CA7A000CA31B2 /* eisenhower.jpg */; };
		C8FE60BF180CA7A000CA31B2 /* eisenhowerparking.jpg in Resources */ = {isa = PBXBuildFile; fileRef = C8FE60A0180CA7A000CA31B2 /* eisenhowerparking.jpg */; };
		C8FE60C0180CA7A000CA31B2 /* engunit.jpg in Resources */ = {isa = PBXBuildFile; fileRef = C8FE60A1180CA7A000CA31B2 /* engunit.jpg */; };
		C8FE60C1180CA7A000CA31B2 /* smeal.jpg in Resources */ = {isa = PBXBuildFile; fileRef = C8FE60A2180CA7A000CA31B2 /* smeal.jpg */; };
		C8FE60C3180CA7AB00CA31B2 /* buildings.plist in Resources */ = {isa = PBXBuildFile; fileRef = C8FE60C2180CA7AB00CA31B2 /* buildings.plist */; };
		C8FE60C8180CA97F00CA31B2 /* BuildingModel.m in Sources */ = {isa = PBXBuildFile; fileRef = C8FE60C6180CA94D00CA31B2 /* BuildingModel.m */; };
/* End PBXBuildFile section */

/* Begin PBXFileReference section */
		C84EDC6218038CFD00ABE978 /* ResultDetailViewController.h */ = {isa = PBXFileReference; fileEncoding = 4; lastKnownFileType = sourcecode.c.h; path = ResultDetailViewController.h; sourceTree = "<group>"; };
		C84EDC6318038CFD00ABE978 /* ResultDetailViewController.m */ = {isa = PBXFileReference; fileEncoding = 4; lastKnownFileType = sourcecode.c.objc; path = ResultDetailViewController.m; sourceTree = "<group>"; };
		C87297D917FBBD0F00F8F43A /* Penn State Search.app */ = {isa = PBXFileReference; explicitFileType = wrapper.application; includeInIndex = 0; path = "Penn State Search.app"; sourceTree = BUILT_PRODUCTS_DIR; };
		C87297DC17FBBD0F00F8F43A /* UIKit.framework */ = {isa = PBXFileReference; lastKnownFileType = wrapper.framework; name = UIKit.framework; path = System/Library/Frameworks/UIKit.framework; sourceTree = SDKROOT; };
		C87297DE17FBBD0F00F8F43A /* Foundation.framework */ = {isa = PBXFileReference; lastKnownFileType = wrapper.framework; name = Foundation.framework; path = System/Library/Frameworks/Foundation.framework; sourceTree = SDKROOT; };
		C87297E017FBBD0F00F8F43A /* CoreGraphics.framework */ = {isa = PBXFileReference; lastKnownFileType = wrapper.framework; name = CoreGraphics.framework; path = System/Library/Frameworks/CoreGraphics.framework; sourceTree = SDKROOT; };
		C87297E417FBBD0F00F8F43A /* Penn State Search-Info.plist */ = {isa = PBXFileReference; lastKnownFileType = text.plist.xml; path = "Penn State Search-Info.plist"; sourceTree = "<group>"; };
		C87297E617FBBD0F00F8F43A /* en */ = {isa = PBXFileReference; lastKnownFileType = text.plist.strings; name = en; path = en.lproj/InfoPlist.strings; sourceTree = "<group>"; };
		C87297E817FBBD0F00F8F43A /* main.m */ = {isa = PBXFileReference; lastKnownFileType = sourcecode.c.objc; path = main.m; sourceTree = "<group>"; };
		C87297EA17FBBD0F00F8F43A /* Penn State Search-Prefix.pch */ = {isa = PBXFileReference; lastKnownFileType = sourcecode.c.h; path = "Penn State Search-Prefix.pch"; sourceTree = "<group>"; };
		C87297EB17FBBD0F00F8F43A /* AppDelegate.h */ = {isa = PBXFileReference; lastKnownFileType = sourcecode.c.h; path = AppDelegate.h; sourceTree = "<group>"; };
		C87297EC17FBBD0F00F8F43A /* AppDelegate.m */ = {isa = PBXFileReference; lastKnownFileType = sourcecode.c.objc; path = AppDelegate.m; sourceTree = "<group>"; };
		C87297EE17FBBD0F00F8F43A /* Default.png */ = {isa = PBXFileReference; lastKnownFileType = image.png; path = Default.png; sourceTree = "<group>"; };
		C87297F017FBBD0F00F8F43A /* Default@2x.png */ = {isa = PBXFileReference; lastKnownFileType = image.png; path = "Default@2x.png"; sourceTree = "<group>"; };
		C87297F217FBBD0F00F8F43A /* Default-568h@2x.png */ = {isa = PBXFileReference; lastKnownFileType = image.png; path = "Default-568h@2x.png"; sourceTree = "<group>"; };
		C87297F517FBBD0F00F8F43A /* en */ = {isa = PBXFileReference; lastKnownFileType = file.storyboard; name = en; path = en.lproj/MainStoryboard.storyboard; sourceTree = "<group>"; };
		C87297F717FBBD0F00F8F43A /* SearchViewController.h */ = {isa = PBXFileReference; lastKnownFileType = sourcecode.c.h; path = SearchViewController.h; sourceTree = "<group>"; };
		C87297F817FBBD0F00F8F43A /* SearchViewController.m */ = {isa = PBXFileReference; lastKnownFileType = sourcecode.c.objc; path = SearchViewController.m; sourceTree = "<group>"; };
		C872980117FBBD3200F8F43A /* lber.h */ = {isa = PBXFileReference; fileEncoding = 4; lastKnownFileType = sourcecode.c.h; path = lber.h; sourceTree = "<group>"; };
		C872980217FBBD3200F8F43A /* lber_types.h */ = {isa = PBXFileReference; fileEncoding = 4; lastKnownFileType = sourcecode.c.h; path = lber_types.h; sourceTree = "<group>"; };
		C872980317FBBD3200F8F43A /* ldap.h */ = {isa = PBXFileReference; fileEncoding = 4; lastKnownFileType = sourcecode.c.h; path = ldap.h; sourceTree = "<group>"; };
		C872980417FBBD3200F8F43A /* ldap_cdefs.h */ = {isa = PBXFileReference; fileEncoding = 4; lastKnownFileType = sourcecode.c.h; path = ldap_cdefs.h; sourceTree = "<group>"; };
		C872980517FBBD3200F8F43A /* ldap_features.h */ = {isa = PBXFileReference; fileEncoding = 4; lastKnownFileType = sourcecode.c.h; path = ldap_features.h; sourceTree = "<group>"; };
		C872980617FBBD3200F8F43A /* ldap_schema.h */ = {isa = PBXFileReference; fileEncoding = 4; lastKnownFileType = sourcecode.c.h; path = ldap_schema.h; sourceTree = "<group>"; };
		C872980717FBBD3200F8F43A /* ldap_utf8.h */ = {isa = PBXFileReference; fileEncoding = 4; lastKnownFileType = sourcecode.c.h; path = ldap_utf8.h; sourceTree = "<group>"; };
		C872980917FBBD3200F8F43A /* libcrypto.a */ = {isa = PBXFileReference; lastKnownFileType = archive.ar; path = libcrypto.a; sourceTree = "<group>"; };
		C872980A17FBBD3200F8F43A /* liblber.a */ = {isa = PBXFileReference; lastKnownFileType = archive.ar; path = liblber.a; sourceTree = "<group>"; };
		C872980B17FBBD3200F8F43A /* libldap.a */ = {isa = PBXFileReference; lastKnownFileType = archive.ar; path = libldap.a; sourceTree = "<group>"; };
		C872980C17FBBD3200F8F43A /* libsasl2.a */ = {isa = PBXFileReference; lastKnownFileType = archive.ar; path = libsasl2.a; sourceTree = "<group>"; };
		C872980D17FBBD3200F8F43A /* libssl.a */ = {isa = PBXFileReference; lastKnownFileType = archive.ar; path = libssl.a; sourceTree = "<group>"; };
		C872980E17FBBD3200F8F43A /* RHLDAPSearch.h */ = {isa = PBXFileReference; fileEncoding = 4; lastKnownFileType = sourcecode.c.h; path = RHLDAPSearch.h; sourceTree = "<group>"; };
		C872980F17FBBD3200F8F43A /* RHLDAPSearch.m */ = {isa = PBXFileReference; fileEncoding = 4; lastKnownFileType = sourcecode.c.objc; path = RHLDAPSearch.m; sourceTree = "<group>"; };
		C872981617FBCF9500F8F43A /* ResultsViewController.h */ = {isa = PBXFileReference; fileEncoding = 4; lastKnownFileType = sourcecode.c.h; path = ResultsViewController.h; sourceTree = "<group>"; };
		C872981717FBCF9500F8F43A /* ResultsViewController.m */ = {isa = PBXFileReference; fileEncoding = 4; lastKnownFileType = sourcecode.c.objc; path = ResultsViewController.m; sourceTree = "<group>"; };
		C89690BF180CB2F7008952FD /* PreferencesViewController.h */ = {isa = PBXFileReference; fileEncoding = 4; lastKnownFileType = sourcecode.c.h; path = PreferencesViewController.h; sourceTree = "<group>"; };
		C89690C0180CB2F7008952FD /* PreferencesViewController.m */ = {isa = PBXFileReference; fileEncoding = 4; lastKnownFileType = sourcecode.c.objc; path = PreferencesViewController.m; sourceTree = "<group>"; };
		C89690C2180CB4CD008952FD /* Constants.h */ = {isa = PBXFileReference; fileEncoding = 4; lastKnownFileType = sourcecode.c.h; path = Constants.h; sourceTree = "<group>"; };
		C89690C3180CB4CD008952FD /* Constants.m */ = {isa = PBXFileReference; fileEncoding = 4; lastKnownFileType = sourcecode.c.objc; path = Constants.m; sourceTree = "<group>"; };
		C8C0E1D81815E284007052E7 /* Buildings.xcdatamodel */ = {isa = PBXFileReference; lastKnownFileType = wrapper.xcdatamodel; path = Buildings.xcdatamodel; sourceTree = "<group>"; };
		C8C0E1DA1815E313007052E7 /* CoreData.framework */ = {isa = PBXFileReference; lastKnownFileType = wrapper.framework; name = CoreData.framework; path = System/Library/Frameworks/CoreData.framework; sourceTree = SDKROOT; };
		C8C0E1DC1815E373007052E7 /* DataManager.h */ = {isa = PBXFileReference; lastKnownFileType = sourcecode.c.h; path = DataManager.h; sourceTree = "<group>"; };
		C8C0E1DD1815E373007052E7 /* DataManager.m */ = {isa = PBXFileReference; lastKnownFileType = sourcecode.c.objc; path = DataManager.m; sourceTree = "<group>"; };
		C8C0E1DE1815E373007052E7 /* DataManagerDelegate.h */ = {isa = PBXFileReference; lastKnownFileType = sourcecode.c.h; path = DataManagerDelegate.h; sourceTree = "<group>"; };
		C8C0E1DF1815E373007052E7 /* DataSource.h */ = {isa = PBXFileReference; lastKnownFileType = sourcecode.c.h; path = DataSource.h; sourceTree = "<group>"; };
		C8C0E1E01815E373007052E7 /* DataSource.m */ = {isa = PBXFileReference; lastKnownFileType = sourcecode.c.objc; path = DataSource.m; sourceTree = "<group>"; };
		C8C0E1E11815E373007052E7 /* DataSourceCellConfigurer.h */ = {isa = PBXFileReference; lastKnownFileType = sourcecode.c.h; path = DataSourceCellConfigurer.h; sourceTree = "<group>"; };
		C8C0E1E21815E3E5007052E7 /* MyDataManager.h */ = {isa = PBXFileReference; fileEncoding = 4; lastKnownFileType = sourcecode.c.h; path = MyDataManager.h; sourceTree = "<group>"; };
		C8C0E1E31815E3E5007052E7 /* MyDataManager.m */ = {isa = PBXFileReference; fileEncoding = 4; lastKnownFileType = sourcecode.c.objc; path = MyDataManager.m; sourceTree = "<group>"; };
		C8C0E1E51815E4F7007052E7 /* Building.h */ = {isa = PBXFileReference; fileEncoding = 4; lastKnownFileType = sourcecode.c.h; path = Building.h; sourceTree = "<group>"; };
		C8C0E1E61815E4F7007052E7 /* Building.m */ = {isa = PBXFileReference; fileEncoding = 4; lastKnownFileType = sourcecode.c.objc; path = Building.m; sourceTree = "<group>"; };
		C8C0E1EA1815F262007052E7 /* Building+Name.h */ = {isa = PBXFileReference; fileEncoding = 4; lastKnownFileType = sourcecode.c.h; path = "Building+Name.h"; sourceTree = "<group>"; };
		C8C0E1EB1815F263007052E7 /* Building+Name.m */ = {isa = PBXFileReference; fileEncoding = 4; lastKnownFileType = sourcecode.c.objc; path = "Building+Name.m"; sourceTree = "<group>"; };
		C8EB870318074A200009CA36 /* BuildingViewController.h */ = {isa = PBXFileReference; fileEncoding = 4; lastKnownFileType = sourcecode.c.h; path = BuildingViewController.h; sourceTree = "<group>"; };
		C8EB870418074A200009CA36 /* BuildingViewController.m */ = {isa = PBXFileReference; fileEncoding = 4; lastKnownFileType = sourcecode.c.objc; path = BuildingViewController.m; sourceTree = "<group>"; };
		C8EB8785180757180009CA36 /* BuildingImageViewController.h */ = {isa = PBXFileReference; fileEncoding = 4; lastKnownFileType = sourcecode.c.h; path = BuildingImageViewController.h; sourceTree = "<group>"; };
		C8EB8786180757180009CA36 /* BuildingImageViewController.m */ = {isa = PBXFileReference; fileEncoding = 4; lastKnownFileType = sourcecode.c.objc; path = BuildingImageViewController.m; sourceTree = "<group>"; };
		C8EB8788180776570009CA36 /* 07-map-marker.png */ = {isa = PBXFileReference; lastKnownFileType = image.png; path = "07-map-marker.png"; sourceTree = "<group>"; };
		C8EB878A180776640009CA36 /* 06-magnify.png */ = {isa = PBXFileReference; lastKnownFileType = image.png; path = "06-magnify.png"; sourceTree = "<group>"; };
		C8EBB61817FCA3F400D3BC0A /* DirectoryModel.h */ = {isa = PBXFileReference; fileEncoding = 4; lastKnownFileType = sourcecode.c.h; name = DirectoryModel.h; path = "Penn State Search/DirectoryModel.h"; sourceTree = "<group>"; };
		C8EBB61917FCA3F400D3BC0A /* DirectoryModel.m */ = {isa = PBXFileReference; fileEncoding = 4; lastKnownFileType = sourcecode.c.objc; name = DirectoryModel.m; path = "Penn State Search/DirectoryModel.m"; sourceTree = "<group>"; };
		C8EBB61C17FCDFA600D3BC0A /* Default@2x.png */ = {isa = PBXFileReference; lastKnownFileType = image.png; path = "Default@2x.png"; sourceTree = "<group>"; };
		C8EBB61F17FCDFF800D3BC0A /* Default-568h@2x.png */ = {isa = PBXFileReference; lastKnownFileType = image.png; path = "Default-568h@2x.png"; sourceTree = "<group>"; };
		C8EBB62517FCE21B00D3BC0A /* icon.png */ = {isa = PBXFileReference; lastKnownFileType = image.png; path = icon.png; sourceTree = "<group>"; };
		C8EBB62617FCE21B00D3BC0A /* icon_retina.png */ = {isa = PBXFileReference; lastKnownFileType = image.png; path = icon_retina.png; sourceTree = "<group>"; };
		C8FC7F0F180DE78D00466B86 /* BuildingInfo.h */ = {isa = PBXFileReference; fileEncoding = 4; lastKnownFileType = sourcecode.c.h; name = BuildingInfo.h; path = "Penn State Search/BuildingInfo.h"; sourceTree = "<group>"; };
		C8FC7F10180DE78D00466B86 /* BuildingInfo.m */ = {isa = PBXFileReference; fileEncoding = 4; lastKnownFileType = sourcecode.c.objc; name = BuildingInfo.m; path = "Penn State Search/BuildingInfo.m"; sourceTree = "<group>"; };
		C8FE6084180CA7A000CA31B2 /* agadmin.jpg */ = {isa = PBXFileReference; lastKnownFileType = image.jpeg; path = agadmin.jpg; sourceTree = "<group>"; };
		C8FE6085180CA7A000CA31B2 /* ageng.jpg */ = {isa = PBXFileReference; lastKnownFileType = image.jpeg; path = ageng.jpg; sourceTree = "<group>"; };
		C8FE6086180CA7A000CA31B2 /* appliedscience.jpg */ = {isa = PBXFileReference; lastKnownFileType = image.jpeg; path = appliedscience.jpg; sourceTree = "<group>"; };
		C8FE6087180CA7A000CA31B2 /* armsby.jpg */ = {isa = PBXFileReference; lastKnownFileType = image.jpeg; path = armsby.jpg; sourceTree = "<group>"; };
		C8FE6088180CA7A000CA31B2 /* arts.jpg */ = {isa = PBXFileReference; lastKnownFileType = image.jpeg; path = arts.jpg; sourceTree = "<group>"; };
		C8FE6089180CA7A000CA31B2 /* atherton.jpg */ = {isa = PBXFileReference; lastKnownFileType = image.jpeg; path = atherton.jpg; sourceTree = "<group>"; };
		C8FE608A180CA7A000CA31B2 /* beaver.jpg */ = {isa = PBXFileReference; lastKnownFileType = image.jpeg; path = beaver.jpg; sourceTree = "<group>"; };
		C8FE608B180CA7A000CA31B2 /* biomechanics.jpg */ = {isa = PBXFileReference; lastKnownFileType = image.jpeg; path = biomechanics.jpg; sourceTree = "<group>"; };
		C8FE608C180CA7A000CA31B2 /* borland.jpg */ = {isa = PBXFileReference; lastKnownFileType = image.jpeg; path = borland.jpg; sourceTree = "<group>"; };
		C8FE608D180CA7A000CA31B2 /* boucke.jpg */ = {isa = PBXFileReference; lastKnownFileType = image.jpeg; path = boucke.jpg; sourceTree = "<group>"; };
		C8FE608E180CA7A000CA31B2 /* brumbaugh.jpg */ = {isa = PBXFileReference; lastKnownFileType = image.jpeg; path = brumbaugh.jpg; sourceTree = "<group>"; };
		C8FE608F180CA7A000CA31B2 /* brycejordan.jpg */ = {isa = PBXFileReference; lastKnownFileType = image.jpeg; path = brycejordan.jpg; sourceTree = "<group>"; };
		C8FE6090180CA7A000CA31B2 /* buckhout.jpg */ = {isa = PBXFileReference; lastKnownFileType = image.jpeg; path = buckhout.jpg; sourceTree = "<group>"; };
		C8FE6091180CA7A000CA31B2 /* burrowes.jpg */ = {isa = PBXFileReference; lastKnownFileType = image.jpeg; path = burrowes.jpg; sourceTree = "<group>"; };
		C8FE6092180CA7A000CA31B2 /* businessbuilding.jpg */ = {isa = PBXFileReference; lastKnownFileType = image.jpeg; path = businessbuilding.jpg; sourceTree = "<group>"; };
		C8FE6093180CA7A000CA31B2 /* carnegie.jpg */ = {isa = PBXFileReference; lastKnownFileType = image.jpeg; path = carnegie.jpg; sourceTree = "<group>"; };
		C8FE6094180CA7A000CA31B2 /* carpenter.jpg */ = {isa = PBXFileReference; lastKnownFileType = image.jpeg; path = carpenter.jpg; sourceTree = "<group>"; };
		C8FE6095180CA7A000CA31B2 /* chambers.jpg */ = {isa = PBXFileReference; lastKnownFileType = image.jpeg; path = chambers.jpg; sourceTree = "<group>"; };
		C8FE6096180CA7A000CA31B2 /* chandlee.jpg */ = {isa = PBXFileReference; lastKnownFileType = image.jpeg; path = chandlee.jpg; sourceTree = "<group>"; };
		C8FE6097180CA7A000CA31B2 /* chapel.jpg */ = {isa = PBXFileReference; lastKnownFileType = image.jpeg; path = chapel.jpg; sourceTree = "<group>"; };
		C8FE6098180CA7A000CA31B2 /* chemistry.jpg */ = {isa = PBXFileReference; lastKnownFileType = image.jpeg; path = chemistry.jpg; sourceTree = "<group>"; };
		C8FE6099180CA7A000CA31B2 /* computer.jpg */ = {isa = PBXFileReference; lastKnownFileType = image.jpeg; path = computer.jpg; sourceTree = "<group>"; };
		C8FE609A180CA7A000CA31B2 /* davey.jpg */ = {isa = PBXFileReference; lastKnownFileType = image.jpeg; path = davey.jpg; sourceTree = "<group>"; };
		C8FE609B180CA7A000CA31B2 /* deike.jpg */ = {isa = PBXFileReference; lastKnownFileType = image.jpeg; path = deike.jpg; sourceTree = "<group>"; };
		C8FE609C180CA7A000CA31B2 /* earthengineeringsciences.jpg */ = {isa = PBXFileReference; lastKnownFileType = image.jpeg; path = earthengineeringsciences.jpg; sourceTree = "<group>"; };
		C8FE609D180CA7A000CA31B2 /* eeeast.jpg */ = {isa = PBXFileReference; lastKnownFileType = image.jpeg; path = eeeast.jpg; sourceTree = "<group>"; };
		C8FE609E180CA7A000CA31B2 /* eewest.jpg */ = {isa = PBXFileReference; lastKnownFileType = image.jpeg; path = eewest.jpg; sourceTree = "<group>"; };
		C8FE609F180CA7A000CA31B2 /* eisenhower.jpg */ = {isa = PBXFileReference; lastKnownFileType = image.jpeg; path = eisenhower.jpg; sourceTree = "<group>"; };
		C8FE60A0180CA7A000CA31B2 /* eisenhowerparking.jpg */ = {isa = PBXFileReference; lastKnownFileType = image.jpeg; path = eisenhowerparking.jpg; sourceTree = "<group>"; };
		C8FE60A1180CA7A000CA31B2 /* engunit.jpg */ = {isa = PBXFileReference; lastKnownFileType = image.jpeg; path = engunit.jpg; sourceTree = "<group>"; };
		C8FE60A2180CA7A000CA31B2 /* smeal.jpg */ = {isa = PBXFileReference; lastKnownFileType = image.jpeg; path = smeal.jpg; sourceTree = "<group>"; };
		C8FE60C2180CA7AB00CA31B2 /* buildings.plist */ = {isa = PBXFileReference; fileEncoding = 4; lastKnownFileType = text.plist.xml; name = buildings.plist; path = "Penn State Search/buildings.plist"; sourceTree = SOURCE_ROOT; };
		C8FE60C5180CA94D00CA31B2 /* BuildingModel.h */ = {isa = PBXFileReference; lastKnownFileType = sourcecode.c.h; name = BuildingModel.h; path = "Penn State Search/BuildingModel.h"; sourceTree = "<group>"; };
		C8FE60C6180CA94D00CA31B2 /* BuildingModel.m */ = {isa = PBXFileReference; lastKnownFileType = sourcecode.c.objc; name = BuildingModel.m; path = "Penn State Search/BuildingModel.m"; sourceTree = "<group>"; };
/* End PBXFileReference section */

/* Begin PBXFrameworksBuildPhase section */
		C87297D617FBBD0F00F8F43A /* Frameworks */ = {
			isa = PBXFrameworksBuildPhase;
			buildActionMask = 2147483647;
			files = (
				C8C0E1DB1815E313007052E7 /* CoreData.framework in Frameworks */,
				C87297DD17FBBD0F00F8F43A /* UIKit.framework in Frameworks */,
				C87297DF17FBBD0F00F8F43A /* Foundation.framework in Frameworks */,
				C87297E117FBBD0F00F8F43A /* CoreGraphics.framework in Frameworks */,
				C872981017FBBD3200F8F43A /* libcrypto.a in Frameworks */,
				C872981117FBBD3200F8F43A /* liblber.a in Frameworks */,
				C872981217FBBD3200F8F43A /* libldap.a in Frameworks */,
				C872981317FBBD3200F8F43A /* libsasl2.a in Frameworks */,
				C872981417FBBD3200F8F43A /* libssl.a in Frameworks */,
			);
			runOnlyForDeploymentPostprocessing = 0;
		};
/* End PBXFrameworksBuildPhase section */

/* Begin PBXGroup section */
		C87297D017FBBD0F00F8F43A = {
			isa = PBXGroup;
			children = (
				C8EBB61F17FCDFF800D3BC0A /* Default-568h@2x.png */,
				C8EBB62517FCE21B00D3BC0A /* icon.png */,
				C8EBB62617FCE21B00D3BC0A /* icon_retina.png */,
				C8EBB61C17FCDFA600D3BC0A /* Default@2x.png */,
				C87297E217FBBD0F00F8F43A /* Penn State Search */,
				C87297DB17FBBD0F00F8F43A /* Frameworks */,
				C87297DA17FBBD0F00F8F43A /* Products */,
			);
			sourceTree = "<group>";
		};
		C87297DA17FBBD0F00F8F43A /* Products */ = {
			isa = PBXGroup;
			children = (
				C87297D917FBBD0F00F8F43A /* Penn State Search.app */,
			);
			name = Products;
			sourceTree = "<group>";
		};
		C87297DB17FBBD0F00F8F43A /* Frameworks */ = {
			isa = PBXGroup;
			children = (
				C8C0E1DA1815E313007052E7 /* CoreData.framework */,
				C87297DC17FBBD0F00F8F43A /* UIKit.framework */,
				C87297DE17FBBD0F00F8F43A /* Foundation.framework */,
				C87297E017FBBD0F00F8F43A /* CoreGraphics.framework */,
			);
			name = Frameworks;
			sourceTree = "<group>";
		};
		C87297E217FBBD0F00F8F43A /* Penn State Search */ = {
			isa = PBXGroup;
			children = (
				C89C77BE180740B900DF1556 /* Models */,
				C89C77C01807416300DF1556 /* Controllers */,
				C87297F417FBBD0F00F8F43A /* MainStoryboard.storyboard */,
				C87297FF17FBBD3200F8F43A /* ldap */,
				C87297E317FBBD0F00F8F43A /* Supporting Files */,
			);
			path = "Penn State Search";
			sourceTree = "<group>";
		};
		C87297E317FBBD0F00F8F43A /* Supporting Files */ = {
			isa = PBXGroup;
			children = (
				C8FE60C4180CA7BF00CA31B2 /* Buildings */,
				C8EB878A180776640009CA36 /* 06-magnify.png */,
				C8EB8788180776570009CA36 /* 07-map-marker.png */,
				C87297EB17FBBD0F00F8F43A /* AppDelegate.h */,
				C87297EC17FBBD0F00F8F43A /* AppDelegate.m */,
				C89690C2180CB4CD008952FD /* Constants.h */,
				C89690C3180CB4CD008952FD /* Constants.m */,
				C87297F217FBBD0F00F8F43A /* Default-568h@2x.png */,
				C87297EE17FBBD0F00F8F43A /* Default.png */,
				C87297F017FBBD0F00F8F43A /* Default@2x.png */,
				C87297E517FBBD0F00F8F43A /* InfoPlist.strings */,
				C87297E817FBBD0F00F8F43A /* main.m */,
				C87297E417FBBD0F00F8F43A /* Penn State Search-Info.plist */,
				C87297EA17FBBD0F00F8F43A /* Penn State Search-Prefix.pch */,
			);
			name = "Supporting Files";
			sourceTree = "<group>";
		};
		C87297FF17FBBD3200F8F43A /* ldap */ = {
			isa = PBXGroup;
			children = (
				C872980017FBBD3200F8F43A /* include */,
				C872980817FBBD3200F8F43A /* lib */,
				C872980E17FBBD3200F8F43A /* RHLDAPSearch.h */,
				C872980F17FBBD3200F8F43A /* RHLDAPSearch.m */,
			);
			path = ldap;
			sourceTree = "<group>";
		};
		C872980017FBBD3200F8F43A /* include */ = {
			isa = PBXGroup;
			children = (
				C872980117FBBD3200F8F43A /* lber.h */,
				C872980217FBBD3200F8F43A /* lber_types.h */,
				C872980317FBBD3200F8F43A /* ldap.h */,
				C872980417FBBD3200F8F43A /* ldap_cdefs.h */,
				C872980517FBBD3200F8F43A /* ldap_features.h */,
				C872980617FBBD3200F8F43A /* ldap_schema.h */,
				C872980717FBBD3200F8F43A /* ldap_utf8.h */,
			);
			path = include;
			sourceTree = "<group>";
		};
		C872980817FBBD3200F8F43A /* lib */ = {
			isa = PBXGroup;
			children = (
				C872980917FBBD3200F8F43A /* libcrypto.a */,
				C872980A17FBBD3200F8F43A /* liblber.a */,
				C872980B17FBBD3200F8F43A /* libldap.a */,
				C872980C17FBBD3200F8F43A /* libsasl2.a */,
				C872980D17FBBD3200F8F43A /* libssl.a */,
			);
			path = lib;
			sourceTree = "<group>";
		};
		C89C77BE180740B900DF1556 /* Models */ = {
			isa = PBXGroup;
			children = (
				C8C0E1E51815E4F7007052E7 /* Building.h */,
				C8C0E1E61815E4F7007052E7 /* Building.m */,
				C8FC7F0F180DE78D00466B86 /* BuildingInfo.h */,
				C8FC7F10180DE78D00466B86 /* BuildingInfo.m */,
				C8FE60C5180CA94D00CA31B2 /* BuildingModel.h */,
				C8FE60C6180CA94D00CA31B2 /* BuildingModel.m */,
				C8C0E1D71815E284007052E7 /* Buildings.xcdatamodeld */,
				C8C0E1DC1815E373007052E7 /* DataManager.h */,
				C8C0E1DD1815E373007052E7 /* DataManager.m */,
				C8C0E1DE1815E373007052E7 /* DataManagerDelegate.h */,
				C8C0E1DF1815E373007052E7 /* DataSource.h */,
				C8C0E1E01815E373007052E7 /* DataSource.m */,
				C8C0E1E11815E373007052E7 /* DataSourceCellConfigurer.h */,
				C8EBB61817FCA3F400D3BC0A /* DirectoryModel.h */,
				C8EBB61917FCA3F400D3BC0A /* DirectoryModel.m */,
				C8C0E1E21815E3E5007052E7 /* MyDataManager.h */,
				C8C0E1E31815E3E5007052E7 /* MyDataManager.m */,
				C8C0E1EA1815F262007052E7 /* Building+Name.h */,
				C8C0E1EB1815F263007052E7 /* Building+Name.m */,
			);
			name = Models;
			path = ..;
			sourceTree = "<group>";
		};
		C89C77C01807416300DF1556 /* Controllers */ = {
			isa = PBXGroup;
			children = (
				C8EB8785180757180009CA36 /* BuildingImageViewController.h */,
				C8EB8786180757180009CA36 /* BuildingImageViewController.m */,
				C8EB870318074A200009CA36 /* BuildingViewController.h */,
				C8EB870418074A200009CA36 /* BuildingViewController.m */,
				C89690BF180CB2F7008952FD /* PreferencesViewController.h */,
				C89690C0180CB2F7008952FD /* PreferencesViewController.m */,
				C84EDC6218038CFD00ABE978 /* ResultDetailViewController.h */,
				C84EDC6318038CFD00ABE978 /* ResultDetailViewController.m */,
				C872981617FBCF9500F8F43A /* ResultsViewController.h */,
				C872981717FBCF9500F8F43A /* ResultsViewController.m */,
				C87297F717FBBD0F00F8F43A /* SearchViewController.h */,
				C87297F817FBBD0F00F8F43A /* SearchViewController.m */,
			);
			name = Controllers;
			sourceTree = "<group>";
		};
		C8FE6083180CA7A000CA31B2 /* buildings */ = {
			isa = PBXGroup;
			children = (
				C8FE6084180CA7A000CA31B2 /* agadmin.jpg */,
				C8FE6085180CA7A000CA31B2 /* ageng.jpg */,
				C8FE6086180CA7A000CA31B2 /* appliedscience.jpg */,
				C8FE6087180CA7A000CA31B2 /* armsby.jpg */,
				C8FE6088180CA7A000CA31B2 /* arts.jpg */,
				C8FE6089180CA7A000CA31B2 /* atherton.jpg */,
				C8FE608A180CA7A000CA31B2 /* beaver.jpg */,
				C8FE608B180CA7A000CA31B2 /* biomechanics.jpg */,
				C8FE608C180CA7A000CA31B2 /* borland.jpg */,
				C8FE608D180CA7A000CA31B2 /* boucke.jpg */,
				C8FE608E180CA7A000CA31B2 /* brumbaugh.jpg */,
				C8FE608F180CA7A000CA31B2 /* brycejordan.jpg */,
				C8FE6090180CA7A000CA31B2 /* buckhout.jpg */,
				C8FE6091180CA7A000CA31B2 /* burrowes.jpg */,
				C8FE6092180CA7A000CA31B2 /* businessbuilding.jpg */,
				C8FE6093180CA7A000CA31B2 /* carnegie.jpg */,
				C8FE6094180CA7A000CA31B2 /* carpenter.jpg */,
				C8FE6095180CA7A000CA31B2 /* chambers.jpg */,
				C8FE6096180CA7A000CA31B2 /* chandlee.jpg */,
				C8FE6097180CA7A000CA31B2 /* chapel.jpg */,
				C8FE6098180CA7A000CA31B2 /* chemistry.jpg */,
				C8FE6099180CA7A000CA31B2 /* computer.jpg */,
				C8FE609A180CA7A000CA31B2 /* davey.jpg */,
				C8FE609B180CA7A000CA31B2 /* deike.jpg */,
				C8FE609C180CA7A000CA31B2 /* earthengineeringsciences.jpg */,
				C8FE609D180CA7A000CA31B2 /* eeeast.jpg */,
				C8FE609E180CA7A000CA31B2 /* eewest.jpg */,
				C8FE609F180CA7A000CA31B2 /* eisenhower.jpg */,
				C8FE60A0180CA7A000CA31B2 /* eisenhowerparking.jpg */,
				C8FE60A1180CA7A000CA31B2 /* engunit.jpg */,
				C8FE60A2180CA7A000CA31B2 /* smeal.jpg */,
			);
			path = buildings;
			sourceTree = "<group>";
		};
		C8FE60C4180CA7BF00CA31B2 /* Buildings */ = {
			isa = PBXGroup;
			children = (
				C8FE60C2180CA7AB00CA31B2 /* buildings.plist */,
				C8FE6083180CA7A000CA31B2 /* buildings */,
			);
			name = Buildings;
			sourceTree = "<group>";
		};
/* End PBXGroup section */

/* Begin PBXNativeTarget section */
		C87297D817FBBD0F00F8F43A /* Penn State Search */ = {
			isa = PBXNativeTarget;
			buildConfigurationList = C87297FC17FBBD0F00F8F43A /* Build configuration list for PBXNativeTarget "Penn State Search" */;
			buildPhases = (
				C87297D517FBBD0F00F8F43A /* Sources */,
				C87297D617FBBD0F00F8F43A /* Frameworks */,
				C87297D717FBBD0F00F8F43A /* Resources */,
			);
			buildRules = (
			);
			dependencies = (
			);
			name = "Penn State Search";
			productName = "Penn State Search";
			productReference = C87297D917FBBD0F00F8F43A /* Penn State Search.app */;
			productType = "com.apple.product-type.application";
		};
/* End PBXNativeTarget section */

/* Begin PBXProject section */
		C87297D117FBBD0F00F8F43A /* Project object */ = {
			isa = PBXProject;
			attributes = {
				LastUpgradeCheck = 0460;
				ORGANIZATIONNAME = "BRIAN J GOLDEN";
			};
			buildConfigurationList = C87297D417FBBD0F00F8F43A /* Build configuration list for PBXProject "Penn State Search" */;
			compatibilityVersion = "Xcode 3.2";
			developmentRegion = English;
			hasScannedForEncodings = 0;
			knownRegions = (
				en,
			);
			mainGroup = C87297D017FBBD0F00F8F43A;
			productRefGroup = C87297DA17FBBD0F00F8F43A /* Products */;
			projectDirPath = "";
			projectRoot = "";
			targets = (
				C87297D817FBBD0F00F8F43A /* Penn State Search */,
			);
		};
/* End PBXProject section */

/* Begin PBXResourcesBuildPhase section */
		C87297D717FBBD0F00F8F43A /* Resources */ = {
			isa = PBXResourcesBuildPhase;
			buildActionMask = 2147483647;
			files = (
				C87297E717FBBD0F00F8F43A /* InfoPlist.strings in Resources */,
				C87297EF17FBBD0F00F8F43A /* Default.png in Resources */,
				C87297F617FBBD0F00F8F43A /* MainStoryboard.storyboard in Resources */,
				C8EBB61E17FCDFA600D3BC0A /* Default@2x.png in Resources */,
				C8EBB62017FCDFF800D3BC0A /* Default-568h@2x.png in Resources */,
				C8EBB62717FCE21B00D3BC0A /* icon.png in Resources */,
				C8EBB62817FCE21B00D3BC0A /* icon_retina.png in Resources */,
				C8EB8789180776570009CA36 /* 07-map-marker.png in Resources */,
				C8EB878B180776640009CA36 /* 06-magnify.png in Resources */,
				C8FE60A3180CA7A000CA31B2 /* agadmin.jpg in Resources */,
				C8FE60A4180CA7A000CA31B2 /* ageng.jpg in Resources */,
				C8FE60A5180CA7A000CA31B2 /* appliedscience.jpg in Resources */,
				C8FE60A6180CA7A000CA31B2 /* armsby.jpg in Resources */,
				C8FE60A7180CA7A000CA31B2 /* arts.jpg in Resources */,
				C8FE60A8180CA7A000CA31B2 /* atherton.jpg in Resources */,
				C8FE60A9180CA7A000CA31B2 /* beaver.jpg in Resources */,
				C8FE60AA180CA7A000CA31B2 /* biomechanics.jpg in Resources */,
				C8FE60AB180CA7A000CA31B2 /* borland.jpg in Resources */,
				C8FE60AC180CA7A000CA31B2 /* boucke.jpg in Resources */,
				C8FE60AD180CA7A000CA31B2 /* brumbaugh.jpg in Resources */,
				C8FE60AE180CA7A000CA31B2 /* brycejordan.jpg in Resources */,
				C8FE60AF180CA7A000CA31B2 /* buckhout.jpg in Resources */,
				C8FE60B0180CA7A000CA31B2 /* burrowes.jpg in Resources */,
				C8FE60B1180CA7A000CA31B2 /* businessbuilding.jpg in Resources */,
				C8FE60B2180CA7A000CA31B2 /* carnegie.jpg in Resources */,
				C8FE60B3180CA7A000CA31B2 /* carpenter.jpg in Resources */,
				C8FE60B4180CA7A000CA31B2 /* chambers.jpg in Resources */,
				C8FE60B5180CA7A000CA31B2 /* chandlee.jpg in Resources */,
				C8FE60B6180CA7A000CA31B2 /* chapel.jpg in Resources */,
				C8FE60B7180CA7A000CA31B2 /* chemistry.jpg in Resources */,
				C8FE60B8180CA7A000CA31B2 /* computer.jpg in Resources */,
				C8FE60B9180CA7A000CA31B2 /* davey.jpg in Resources */,
				C8FE60BA180CA7A000CA31B2 /* deike.jpg in Resources */,
				C8FE60BB180CA7A000CA31B2 /* earthengineeringsciences.jpg in Resources */,
				C8FE60BC180CA7A000CA31B2 /* eeeast.jpg in Resources */,
				C8FE60BD180CA7A000CA31B2 /* eewest.jpg in Resources */,
				C8FE60BE180CA7A000CA31B2 /* eisenhower.jpg in Resources */,
				C8FE60BF180CA7A000CA31B2 /* eisenhowerparking.jpg in Resources */,
				C8FE60C0180CA7A000CA31B2 /* engunit.jpg in Resources */,
				C8FE60C1180CA7A000CA31B2 /* smeal.jpg in Resources */,
				C8FE60C3180CA7AB00CA31B2 /* buildings.plist in Resources */,
			);
			runOnlyForDeploymentPostprocessing = 0;
		};
/* End PBXResourcesBuildPhase section */

/* Begin PBXSourcesBuildPhase section */
		C87297D517FBBD0F00F8F43A /* Sources */ = {
			isa = PBXSourcesBuildPhase;
			buildActionMask = 2147483647;
			files = (
				C8C0E1E81815EA24007052E7 /* DataManager.m in Sources */,
				C8C0E1E91815EA24007052E7 /* DataSource.m in Sources */,
				C8FE60C8180CA97F00CA31B2 /* BuildingModel.m in Sources */,
				C87297E917FBBD0F00F8F43A /* main.m in Sources */,
				C87297ED17FBBD0F00F8F43A /* AppDelegate.m in Sources */,
				C87297F917FBBD0F00F8F43A /* SearchViewController.m in Sources */,
				C872981517FBBD3200F8F43A /* RHLDAPSearch.m in Sources */,
				C872981817FBCF9500F8F43A /* ResultsViewController.m in Sources */,
				C8EBB61A17FCA3F400D3BC0A /* DirectoryModel.m in Sources */,
				C84EDC6418038CFD00ABE978 /* ResultDetailViewController.m in Sources */,
				C8EB870518074A200009CA36 /* BuildingViewController.m in Sources */,
				C8EB8787180757180009CA36 /* BuildingImageViewController.m in Sources */,
				C89690C1180CB2F7008952FD /* PreferencesViewController.m in Sources */,
				C89690C4180CB4CD008952FD /* Constants.m in Sources */,
				C8FC7F11180DE78D00466B86 /* BuildingInfo.m in Sources */,
				C8C0E1D91815E284007052E7 /* Buildings.xcdatamodeld in Sources */,
				C8C0E1E41815E3E5007052E7 /* MyDataManager.m in Sources */,
				C8C0E1E71815E4F7007052E7 /* Building.m in Sources */,
				C8C0E1EC1815F263007052E7 /* Building+Name.m in Sources */,
			);
			runOnlyForDeploymentPostprocessing = 0;
		};
/* End PBXSourcesBuildPhase section */

/* Begin PBXVariantGroup section */
		C87297E517FBBD0F00F8F43A /* InfoPlist.strings */ = {
			isa = PBXVariantGroup;
			children = (
				C87297E617FBBD0F00F8F43A /* en */,
			);
			name = InfoPlist.strings;
			sourceTree = "<group>";
		};
		C87297F417FBBD0F00F8F43A /* MainStoryboard.storyboard */ = {
			isa = PBXVariantGroup;
			children = (
				C87297F517FBBD0F00F8F43A /* en */,
			);
			name = MainStoryboard.storyboard;
			sourceTree = "<group>";
		};
/* End PBXVariantGroup section */

/* Begin XCBuildConfiguration section */
		C87297FA17FBBD0F00F8F43A /* Debug */ = {
			isa = XCBuildConfiguration;
			buildSettings = {
				ALWAYS_SEARCH_USER_PATHS = NO;
				CLANG_CXX_LANGUAGE_STANDARD = "gnu++0x";
				CLANG_CXX_LIBRARY = "libc++";
				CLANG_ENABLE_OBJC_ARC = YES;
				CLANG_WARN_CONSTANT_CONVERSION = YES;
				CLANG_WARN_EMPTY_BODY = YES;
				CLANG_WARN_ENUM_CONVERSION = YES;
				CLANG_WARN_INT_CONVERSION = YES;
				CLANG_WARN__DUPLICATE_METHOD_MATCH = YES;
				"CODE_SIGN_IDENTITY[sdk=iphoneos*]" = "iPhone Developer";
				COPY_PHASE_STRIP = NO;
				GCC_C_LANGUAGE_STANDARD = gnu99;
				GCC_DYNAMIC_NO_PIC = NO;
				GCC_OPTIMIZATION_LEVEL = 0;
				GCC_PREPROCESSOR_DEFINITIONS = (
					"DEBUG=1",
					"$(inherited)",
				);
				GCC_SYMBOLS_PRIVATE_EXTERN = NO;
				GCC_WARN_ABOUT_RETURN_TYPE = YES;
				GCC_WARN_UNINITIALIZED_AUTOS = YES;
				GCC_WARN_UNUSED_VARIABLE = YES;
				IPHONEOS_DEPLOYMENT_TARGET = 6.1;
				ONLY_ACTIVE_ARCH = YES;
				SDKROOT = iphoneos;
			};
			name = Debug;
		};
		C87297FB17FBBD0F00F8F43A /* Release */ = {
			isa = XCBuildConfiguration;
			buildSettings = {
				ALWAYS_SEARCH_USER_PATHS = NO;
				CLANG_CXX_LANGUAGE_STANDARD = "gnu++0x";
				CLANG_CXX_LIBRARY = "libc++";
				CLANG_ENABLE_OBJC_ARC = YES;
				CLANG_WARN_CONSTANT_CONVERSION = YES;
				CLANG_WARN_EMPTY_BODY = YES;
				CLANG_WARN_ENUM_CONVERSION = YES;
				CLANG_WARN_INT_CONVERSION = YES;
				CLANG_WARN__DUPLICATE_METHOD_MATCH = YES;
				"CODE_SIGN_IDENTITY[sdk=iphoneos*]" = "iPhone Developer";
				COPY_PHASE_STRIP = YES;
				GCC_C_LANGUAGE_STANDARD = gnu99;
				GCC_WARN_ABOUT_RETURN_TYPE = YES;
				GCC_WARN_UNINITIALIZED_AUTOS = YES;
				GCC_WARN_UNUSED_VARIABLE = YES;
				IPHONEOS_DEPLOYMENT_TARGET = 6.1;
				OTHER_CFLAGS = "-DNS_BLOCK_ASSERTIONS=1";
				SDKROOT = iphoneos;
				VALIDATE_PRODUCT = YES;
			};
			name = Release;
		};
		C87297FD17FBBD0F00F8F43A /* Debug */ = {
			isa = XCBuildConfiguration;
			buildSettings = {
				CODE_SIGN_IDENTITY = "iPhone Developer: Brian Golden (34VJJ2N978)";
				GCC_PRECOMPILE_PREFIX_HEADER = YES;
				GCC_PREFIX_HEADER = "Penn State Search/Penn State Search-Prefix.pch";
				INFOPLIST_FILE = "Penn State Search/Penn State Search-Info.plist";
				LIBRARY_SEARCH_PATHS = (
					"$(inherited)",
					"\"$(SRCROOT)/Penn State Search/ldap/lib\"",
				);
				ONLY_ACTIVE_ARCH = NO;
				PRODUCT_NAME = "$(TARGET_NAME)";
				PROVISIONING_PROFILE = "3BF2AFEC-B635-4483-A59E-CC62B5B24D3B";
				PUBLIC_HEADERS_FOLDER_PATH = "$(CONTENTS_FOLDER_PATH)/ldap/include";
				WRAPPER_EXTENSION = app;
			};
			name = Debug;
		};
		C87297FE17FBBD0F00F8F43A /* Release */ = {
			isa = XCBuildConfiguration;
			buildSettings = {
				CODE_SIGN_IDENTITY = "iPhone Developer: Brian Golden (34VJJ2N978)";
				GCC_PRECOMPILE_PREFIX_HEADER = YES;
				GCC_PREFIX_HEADER = "Penn State Search/Penn State Search-Prefix.pch";
				INFOPLIST_FILE = "Penn State Search/Penn State Search-Info.plist";
				LIBRARY_SEARCH_PATHS = (
					"$(inherited)",
					"\"$(SRCROOT)/Penn State Search/ldap/lib\"",
				);
				ONLY_ACTIVE_ARCH = NO;
				PRODUCT_NAME = "$(TARGET_NAME)";
				PROVISIONING_PROFILE = "3BF2AFEC-B635-4483-A59E-CC62B5B24D3B";
				PUBLIC_HEADERS_FOLDER_PATH = "$(CONTENTS_FOLDER_PATH)/ldap/include";
				WRAPPER_EXTENSION = app;
			};
			name = Release;
		};
/* End XCBuildConfiguration section */

/* Begin XCConfigurationList section */
		C87297D417FBBD0F00F8F43A /* Build configuration list for PBXProject "Penn State Search" */ = {
			isa = XCConfigurationList;
			buildConfigurations = (
				C87297FA17FBBD0F00F8F43A /* Debug */,
				C87297FB17FBBD0F00F8F43A /* Release */,
			);
			defaultConfigurationIsVisible = 0;
			defaultConfigurationName = Release;
		};
		C87297FC17FBBD0F00F8F43A /* Build configuration list for PBXNativeTarget "Penn State Search" */ = {
			isa = XCConfigurationList;
			buildConfigurations = (
				C87297FD17FBBD0F00F8F43A /* Debug */,
				C87297FE17FBBD0F00F8F43A /* Release */,
			);
			defaultConfigurationIsVisible = 0;
			defaultConfigurationName = Release;
		};
/* End XCConfigurationList section */

/* Begin XCVersionGroup section */
		C8C0E1D71815E284007052E7 /* Buildings.xcdatamodeld */ = {
			isa = XCVersionGroup;
			children = (
				C8C0E1D81815E284007052E7 /* Buildings.xcdatamodel */,
			);
			currentVersion = C8C0E1D81815E284007052E7 /* Buildings.xcdatamodel */;
			path = Buildings.xcdatamodeld;
			sourceTree = "<group>";
			versionGroupType = wrapper.xcdatamodel;
		};
/* End XCVersionGroup section */
	};
	rootObject = C87297D117FBBD0F00F8F43A /* Project object */;
}
